
Microsoft Visual Studio Solution File, Format Version 12.00
# Visual Studio Version 16
VisualStudioVersion = 16.0.31205.134
MinimumVisualStudioVersion = 10.0.40219.1
Project("{9A19103F-16F7-4668-BE54-9A1E7A4F7556}") = "Chat.Api", "Chat.Api\Chat.Api.csproj", "{6041DFB4-BF47-4002-BE3A-E15D8915FB76}"
EndProject
Project("{9A19103F-16F7-4668-BE54-9A1E7A4F7556}") = "Chat", "Notification\Chat.csproj", "{8DEDE0D2-03FA-4E6E-B267-AC199E7E16B9}"
EndProject
Project("{2150E333-8FDC-42A3-9474-1A3956D46DE8}") = "Application", "Application", "{0B878703-1875-46EE-975A-993361AA4B87}"
EndProject
Project("{2150E333-8FDC-42A3-9474-1A3956D46DE8}") = "Domain", "Domain", "{A5F1BDD4-481C-46BC-9151-E2B7B8535966}"
EndProject
Project("{2150E333-8FDC-42A3-9474-1A3956D46DE8}") = "Infra", "Infra", "{0A741FE2-90CE-4942-B9E3-300227082815}"
EndProject
Project("{9A19103F-16F7-4668-BE54-9A1E7A4F7556}") = "Chat.Application", "Chat.Application\Chat.Application.csproj", "{258FC81E-EEF2-44F8-8071-1559F3DC87F5}"
EndProject
Project("{9A19103F-16F7-4668-BE54-9A1E7A4F7556}") = "Chat.Application.Service", "Chat.Application.Service\Chat.Application.Service.csproj", "{FBD21D43-B0D1-4A42-8338-C6629BE88912}"
EndProject
Project("{9A19103F-16F7-4668-BE54-9A1E7A4F7556}") = "Chat.Domain", "Chat.Domain\Chat.Domain.csproj", "{995167A2-D0AC-4F4F-9C0F-DB711C51374B}"
EndProject
Project("{9A19103F-16F7-4668-BE54-9A1E7A4F7556}") = "Chat.Domain.Core", "Chat.Domain.Core\Chat.Domain.Core.csproj", "{CED3C929-FDC5-48E7-BF75-C3AEED58F125}"
EndProject
Project("{9A19103F-16F7-4668-BE54-9A1E7A4F7556}") = "Chat.Infra", "Chat.Infra\Chat.Infra.csproj", "{633EB4AD-79D1-4080-83BB-F4F95DB0B5ED}"
EndProject
Project("{9A19103F-16F7-4668-BE54-9A1E7A4F7556}") = "Chat.Infra.Bus", "Chat.Infra.Bus\Chat.Infra.Bus.csproj", "{907AA283-E380-486F-A97D-3269B5C1D1A9}"
EndProject
Project("{9A19103F-16F7-4668-BE54-9A1E7A4F7556}") = "Chat.Infra.Data", "Chat.Infra.Data\Chat.Infra.Data.csproj", "{CE1098F2-1CFC-40B2-8DBC-0DE79408C283}"
EndProject
Project("{9A19103F-16F7-4668-BE54-9A1E7A4F7556}") = "Chat.Infra.Ioc", "Chat.Infra.Ioc\Chat.Infra.Ioc.csproj", "{2357EF51-9CE9-41BD-8570-09C2CB1A1861}"
EndProject
Project("{9A19103F-16F7-4668-BE54-9A1E7A4F7556}") = "Chat.Infra.Security", "Chat.Infra.Security\Chat.Infra.Security.csproj", "{48917202-BD5D-42CF-BA91-817BAA161EC1}"
EndProject
Project("{2150E333-8FDC-42A3-9474-1A3956D46DE8}") = "EventBus", "EventBus", "{AC75CA37-F3DC-4C32-BF96-1C7983704AAA}"
EndProject
Project("{9A19103F-16F7-4668-BE54-9A1E7A4F7556}") = "EventBus", "EventBus\EventBus\EventBus.csproj", "{5212C979-57C8-49F9-B741-B168939BB9F6}"
EndProject
Project("{9A19103F-16F7-4668-BE54-9A1E7A4F7556}") = "EventBusRabbitMQ", "EventBus\EventBusRabbitMQ\EventBusRabbitMQ.csproj", "{57EF1787-19C9-4EFE-9175-1EB1D5BA7AF9}"
EndProject
Project("{9A19103F-16F7-4668-BE54-9A1E7A4F7556}") = "IntegrationEventLogEF", "EventBus\IntegrationEventLogEF\IntegrationEventLogEF.csproj", "{14ECDB67-F630-4119-9DF7-997304FBEBF7}"
EndProject
Project("{9A19103F-16F7-4668-BE54-9A1E7A4F7556}") = "Chat.Language", "Chat.Language\Chat.Language.csproj", "{86D2962D-3B07-4C3F-BBF3-D65EDEF2335F}"
EndProject
Global
	GlobalSection(SolutionConfigurationPlatforms) = preSolution
		Debug|Any CPU = Debug|Any CPU
		Release|Any CPU = Release|Any CPU
	EndGlobalSection
	GlobalSection(ProjectConfigurationPlatforms) = postSolution
		{6041DFB4-BF47-4002-BE3A-E15D8915FB76}.Debug|Any CPU.ActiveCfg = Debug|Any CPU
		{6041DFB4-BF47-4002-BE3A-E15D8915FB76}.Debug|Any CPU.Build.0 = Debug|Any CPU
		{6041DFB4-BF47-4002-BE3A-E15D8915FB76}.Release|Any CPU.ActiveCfg = Release|Any CPU
		{6041DFB4-BF47-4002-BE3A-E15D8915FB76}.Release|Any CPU.Build.0 = Release|Any CPU
		{8DEDE0D2-03FA-4E6E-B267-AC199E7E16B9}.Debug|Any CPU.ActiveCfg = Debug|Any CPU
		{8DEDE0D2-03FA-4E6E-B267-AC199E7E16B9}.Debug|Any CPU.Build.0 = Debug|Any CPU
		{8DEDE0D2-03FA-4E6E-B267-AC199E7E16B9}.Release|Any CPU.ActiveCfg = Release|Any CPU
		{8DEDE0D2-03FA-4E6E-B267-AC199E7E16B9}.Release|Any CPU.Build.0 = Release|Any CPU
		{258FC81E-EEF2-44F8-8071-1559F3DC87F5}.Debug|Any CPU.ActiveCfg = Debug|Any CPU
		{258FC81E-EEF2-44F8-8071-1559F3DC87F5}.Debug|Any CPU.Build.0 = Debug|Any CPU
		{258FC81E-EEF2-44F8-8071-1559F3DC87F5}.Release|Any CPU.ActiveCfg = Release|Any CPU
		{258FC81E-EEF2-44F8-8071-1559F3DC87F5}.Release|Any CPU.Build.0 = Release|Any CPU
		{FBD21D43-B0D1-4A42-8338-C6629BE88912}.Debug|Any CPU.ActiveCfg = Debug|Any CPU
		{FBD21D43-B0D1-4A42-8338-C6629BE88912}.Debug|Any CPU.Build.0 = Debug|Any CPU
		{FBD21D43-B0D1-4A42-8338-C6629BE88912}.Release|Any CPU.ActiveCfg = Release|Any CPU
		{FBD21D43-B0D1-4A42-8338-C6629BE88912}.Release|Any CPU.Build.0 = Release|Any CPU
		{995167A2-D0AC-4F4F-9C0F-DB711C51374B}.Debug|Any CPU.ActiveCfg = Debug|Any CPU
		{995167A2-D0AC-4F4F-9C0F-DB711C51374B}.Debug|Any CPU.Build.0 = Debug|Any CPU
		{995167A2-D0AC-4F4F-9C0F-DB711C51374B}.Release|Any CPU.ActiveCfg = Release|Any CPU
		{995167A2-D0AC-4F4F-9C0F-DB711C51374B}.Release|Any CPU.Build.0 = Release|Any CPU
		{CED3C929-FDC5-48E7-BF75-C3AEED58F125}.Debug|Any CPU.ActiveCfg = Debug|Any CPU
		{CED3C929-FDC5-48E7-BF75-C3AEED58F125}.Debug|Any CPU.Build.0 = Debug|Any CPU
		{CED3C929-FDC5-48E7-BF75-C3AEED58F125}.Release|Any CPU.ActiveCfg = Release|Any CPU
		{CED3C929-FDC5-48E7-BF75-C3AEED58F125}.Release|Any CPU.Build.0 = Release|Any CPU
		{633EB4AD-79D1-4080-83BB-F4F95DB0B5ED}.Debug|Any CPU.ActiveCfg = Debug|Any CPU
		{633EB4AD-79D1-4080-83BB-F4F95DB0B5ED}.Debug|Any CPU.Build.0 = Debug|Any CPU
		{633EB4AD-79D1-4080-83BB-F4F95DB0B5ED}.Release|Any CPU.ActiveCfg = Release|Any CPU
		{633EB4AD-79D1-4080-83BB-F4F95DB0B5ED}.Release|Any CPU.Build.0 = Release|Any CPU
		{907AA283-E380-486F-A97D-3269B5C1D1A9}.Debug|Any CPU.ActiveCfg = Debug|Any CPU
		{907AA283-E380-486F-A97D-3269B5C1D1A9}.Debug|Any CPU.Build.0 = Debug|Any CPU
		{907AA283-E380-486F-A97D-3269B5C1D1A9}.Release|Any CPU.ActiveCfg = Release|Any CPU
		{907AA283-E380-486F-A97D-3269B5C1D1A9}.Release|Any CPU.Build.0 = Release|Any CPU
		{CE1098F2-1CFC-40B2-8DBC-0DE79408C283}.Debug|Any CPU.ActiveCfg = Debug|Any CPU
		{CE1098F2-1CFC-40B2-8DBC-0DE79408C283}.Debug|Any CPU.Build.0 = Debug|Any CPU
		{CE1098F2-1CFC-40B2-8DBC-0DE79408C283}.Release|Any CPU.ActiveCfg = Release|Any CPU
		{CE1098F2-1CFC-40B2-8DBC-0DE79408C283}.Release|Any CPU.Build.0 = Release|Any CPU
		{2357EF51-9CE9-41BD-8570-09C2CB1A1861}.Debug|Any CPU.ActiveCfg = Debug|Any CPU
		{2357EF51-9CE9-41BD-8570-09C2CB1A1861}.Debug|Any CPU.Build.0 = Debug|Any CPU
		{2357EF51-9CE9-41BD-8570-09C2CB1A1861}.Release|Any CPU.ActiveCfg = Release|Any CPU
		{2357EF51-9CE9-41BD-8570-09C2CB1A1861}.Release|Any CPU.Build.0 = Release|Any CPU
		{48917202-BD5D-42CF-BA91-817BAA161EC1}.Debug|Any CPU.ActiveCfg = Debug|Any CPU
		{48917202-BD5D-42CF-BA91-817BAA161EC1}.Debug|Any CPU.Build.0 = Debug|Any CPU
		{48917202-BD5D-42CF-BA91-817BAA161EC1}.Release|Any CPU.ActiveCfg = Release|Any CPU
		{48917202-BD5D-42CF-BA91-817BAA161EC1}.Release|Any CPU.Build.0 = Release|Any CPU
		{5212C979-57C8-49F9-B741-B168939BB9F6}.Debug|Any CPU.ActiveCfg = Debug|Any CPU
		{5212C979-57C8-49F9-B741-B168939BB9F6}.Debug|Any CPU.Build.0 = Debug|Any CPU
		{5212C979-57C8-49F9-B741-B168939BB9F6}.Release|Any CPU.ActiveCfg = Release|Any CPU
		{5212C979-57C8-49F9-B741-B168939BB9F6}.Release|Any CPU.Build.0 = Release|Any CPU
		{57EF1787-19C9-4EFE-9175-1EB1D5BA7AF9}.Debug|Any CPU.ActiveCfg = Debug|Any CPU
		{57EF1787-19C9-4EFE-9175-1EB1D5BA7AF9}.Debug|Any CPU.Build.0 = Debug|Any CPU
		{57EF1787-19C9-4EFE-9175-1EB1D5BA7AF9}.Release|Any CPU.ActiveCfg = Release|Any CPU
		{57EF1787-19C9-4EFE-9175-1EB1D5BA7AF9}.Release|Any CPU.Build.0 = Release|Any CPU
		{14ECDB67-F630-4119-9DF7-997304FBEBF7}.Debug|Any CPU.ActiveCfg = Debug|Any CPU
		{14ECDB67-F630-4119-9DF7-997304FBEBF7}.Debug|Any CPU.Build.0 = Debug|Any CPU
		{14ECDB67-F630-4119-9DF7-997304FBEBF7}.Release|Any CPU.ActiveCfg = Release|Any CPU
		{14ECDB67-F630-4119-9DF7-997304FBEBF7}.Release|Any CPU.Build.0 = Release|Any CPU
		{86D2962D-3B07-4C3F-BBF3-D65EDEF2335F}.Debug|Any CPU.ActiveCfg = Debug|Any CPU
		{86D2962D-3B07-4C3F-BBF3-D65EDEF2335F}.Debug|Any CPU.Build.0 = Debug|Any CPU
		{86D2962D-3B07-4C3F-BBF3-D65EDEF2335F}.Release|Any CPU.ActiveCfg = Release|Any CPU
		{86D2962D-3B07-4C3F-BBF3-D65EDEF2335F}.Release|Any CPU.Build.0 = Release|Any CPU
	EndGlobalSection
	GlobalSection(SolutionProperties) = preSolution
		HideSolutionNode = FALSE
	EndGlobalSection
	GlobalSection(NestedProjects) = preSolution
		{8DEDE0D2-03FA-4E6E-B267-AC199E7E16B9} = {0A741FE2-90CE-4942-B9E3-300227082815}
		{258FC81E-EEF2-44F8-8071-1559F3DC87F5} = {0B878703-1875-46EE-975A-993361AA4B87}
		{FBD21D43-B0D1-4A42-8338-C6629BE88912} = {0B878703-1875-46EE-975A-993361AA4B87}
		{995167A2-D0AC-4F4F-9C0F-DB711C51374B} = {A5F1BDD4-481C-46BC-9151-E2B7B8535966}
		{CED3C929-FDC5-48E7-BF75-C3AEED58F125} = {A5F1BDD4-481C-46BC-9151-E2B7B8535966}
		{633EB4AD-79D1-4080-83BB-F4F95DB0B5ED} = {0A741FE2-90CE-4942-B9E3-300227082815}
		{907AA283-E380-486F-A97D-3269B5C1D1A9} = {0A741FE2-90CE-4942-B9E3-300227082815}
		{CE1098F2-1CFC-40B2-8DBC-0DE79408C283} = {0A741FE2-90CE-4942-B9E3-300227082815}
		{2357EF51-9CE9-41BD-8570-09C2CB1A1861} = {0A741FE2-90CE-4942-B9E3-300227082815}
		{48917202-BD5D-42CF-BA91-817BAA161EC1} = {0A741FE2-90CE-4942-B9E3-300227082815}
		{5212C979-57C8-49F9-B741-B168939BB9F6} = {AC75CA37-F3DC-4C32-BF96-1C7983704AAA}
		{57EF1787-19C9-4EFE-9175-1EB1D5BA7AF9} = {AC75CA37-F3DC-4C32-BF96-1C7983704AAA}
		{14ECDB67-F630-4119-9DF7-997304FBEBF7} = {AC75CA37-F3DC-4C32-BF96-1C7983704AAA}
		{86D2962D-3B07-4C3F-BBF3-D65EDEF2335F} = {0A741FE2-90CE-4942-B9E3-300227082815}
	EndGlobalSection
	GlobalSection(ExtensibilityGlobals) = postSolution
		SolutionGuid = {BCDEE92A-B1AE-4558-BFB1-A9AA4FC8CC80}
	EndGlobalSection
EndGlobal
