
Microsoft Visual Studio Solution File, Format Version 12.00
# Visual Studio Version 16
VisualStudioVersion = 16.0.31205.134
MinimumVisualStudioVersion = 10.0.40219.1
Project("{9A19103F-16F7-4668-BE54-9A1E7A4F7556}") = "EventBus", "EventBus\EventBus.csproj", "{059E2B27-E2B2-45B3-A51F-6517ED5122D2}"
EndProject
Project("{9A19103F-16F7-4668-BE54-9A1E7A4F7556}") = "EventBusRabbitMQ", "EventBusRabbitMQ\EventBusRabbitMQ.csproj", "{4EE11414-1086-4C82-916C-53641AD99EBF}"
EndProject
Project("{9A19103F-16F7-4668-BE54-9A1E7A4F7556}") = "IntegrationEventLogEF", "IntegrationEventLogEF\IntegrationEventLogEF.csproj", "{515F2C78-1B8A-41AA-ACFC-C30DF52BEA84}"
EndProject
Global
	GlobalSection(SolutionConfigurationPlatforms) = preSolution
		Debug|Any CPU = Debug|Any CPU
		Release|Any CPU = Release|Any CPU
	EndGlobalSection
	GlobalSection(ProjectConfigurationPlatforms) = postSolution
		{059E2B27-E2B2-45B3-A51F-6517ED5122D2}.Debug|Any CPU.ActiveCfg = Debug|Any CPU
		{059E2B27-E2B2-45B3-A51F-6517ED5122D2}.Debug|Any CPU.Build.0 = Debug|Any CPU
		{059E2B27-E2B2-45B3-A51F-6517ED5122D2}.Release|Any CPU.ActiveCfg = Release|Any CPU
		{059E2B27-E2B2-45B3-A51F-6517ED5122D2}.Release|Any CPU.Build.0 = Release|Any CPU
		{4EE11414-1086-4C82-916C-53641AD99EBF}.Debug|Any CPU.ActiveCfg = Debug|Any CPU
		{4EE11414-1086-4C82-916C-53641AD99EBF}.Debug|Any CPU.Build.0 = Debug|Any CPU
		{4EE11414-1086-4C82-916C-53641AD99EBF}.Release|Any CPU.ActiveCfg = Release|Any CPU
		{4EE11414-1086-4C82-916C-53641AD99EBF}.Release|Any CPU.Build.0 = Release|Any CPU
		{515F2C78-1B8A-41AA-ACFC-C30DF52BEA84}.Debug|Any CPU.ActiveCfg = Debug|Any CPU
		{515F2C78-1B8A-41AA-ACFC-C30DF52BEA84}.Debug|Any CPU.Build.0 = Debug|Any CPU
		{515F2C78-1B8A-41AA-ACFC-C30DF52BEA84}.Release|Any CPU.ActiveCfg = Release|Any CPU
		{515F2C78-1B8A-41AA-ACFC-C30DF52BEA84}.Release|Any CPU.Build.0 = Release|Any CPU
	EndGlobalSection
	GlobalSection(SolutionProperties) = preSolution
		HideSolutionNode = FALSE
	EndGlobalSection
	GlobalSection(ExtensibilityGlobals) = postSolution
		SolutionGuid = {85960F6A-7920-4E1D-B107-680DB9B1CDB0}
	EndGlobalSection
EndGlobal
